// !$*UTF8*$!
{
	archiveVersion = 1;
	classes = {
	};
	objectVersion = 46;
	objects = {

/* Begin PBXBuildFile section */
		9543331B1D566DEE00645902 /* AppDelegate.swift in Sources */ = {isa = PBXBuildFile; fileRef = 9543331A1D566DEE00645902 /* AppDelegate.swift */; };
		9543331D1D566DEE00645902 /* ViewController.swift in Sources */ = {isa = PBXBuildFile; fileRef = 9543331C1D566DEE00645902 /* ViewController.swift */; };
		954333201D566DEE00645902 /* Main.storyboard in Resources */ = {isa = PBXBuildFile; fileRef = 9543331E1D566DEE00645902 /* Main.storyboard */; };
		954333221D566DEE00645902 /* Assets.xcassets in Resources */ = {isa = PBXBuildFile; fileRef = 954333211D566DEE00645902 /* Assets.xcassets */; };
		954333251D566DEE00645902 /* LaunchScreen.storyboard in Resources */ = {isa = PBXBuildFile; fileRef = 954333231D566DEE00645902 /* LaunchScreen.storyboard */; };
		9543332F1D566E2A00645902 /* penguin.png in Resources */ = {isa = PBXBuildFile; fileRef = 9543332D1D566E2A00645902 /* penguin.png */; };
		954333301D566E2A00645902 /* penguin@2x.png in Resources */ = {isa = PBXBuildFile; fileRef = 9543332E1D566E2A00645902 /* penguin@2x.png */; };
/* End PBXBuildFile section */

/* Begin PBXFileReference section */
		954333171D566DEE00645902 /* Project15.app */ = {isa = PBXFileReference; explicitFileType = wrapper.application; includeInIndex = 0; path = Project15.app; sourceTree = BUILT_PRODUCTS_DIR; };
		9543331A1D566DEE00645902 /* AppDelegate.swift */ = {isa = PBXFileReference; lastKnownFileType = sourcecode.swift; path = AppDelegate.swift; sourceTree = "<group>"; };
		9543331C1D566DEE00645902 /* ViewController.swift */ = {isa = PBXFileReference; lastKnownFileType = sourcecode.swift; path = ViewController.swift; sourceTree = "<group>"; };
		9543331F1D566DEE00645902 /* Base */ = {isa = PBXFileReference; lastKnownFileType = file.storyboard; name = Base; path = Base.lproj/Main.storyboard; sourceTree = "<group>"; };
		954333211D566DEE00645902 /* Assets.xcassets */ = {isa = PBXFileReference; lastKnownFileType = folder.assetcatalog; path = Assets.xcassets; sourceTree = "<group>"; };
		954333241D566DEE00645902 /* Base */ = {isa = PBXFileReference; lastKnownFileType = file.storyboard; name = Base; path = Base.lproj/LaunchScreen.storyboard; sourceTree = "<group>"; };
		954333261D566DEE00645902 /* Info.plist */ = {isa = PBXFileReference; lastKnownFileType = text.plist.xml; path = Info.plist; sourceTree = "<group>"; };
		9543332D1D566E2A00645902 /* penguin.png */ = {isa = PBXFileReference; lastKnownFileType = image.png; path = penguin.png; sourceTree = "<group>"; };
		9543332E1D566E2A00645902 /* penguin@2x.png */ = {isa = PBXFileReference; lastKnownFileType = image.png; path = "penguin@2x.png"; sourceTree = "<group>"; };
/* End PBXFileReference section */

/* Begin PBXFrameworksBuildPhase section */
		954333141D566DEE00645902 /* Frameworks */ = {
			isa = PBXFrameworksBuildPhase;
			buildActionMask = 2147483647;
			files = (
			);
			runOnlyForDeploymentPostprocessing = 0;
		};
/* End PBXFrameworksBuildPhase section */

/* Begin PBXGroup section */
		9543330E1D566DEE00645902 = {
			isa = PBXGroup;
			children = (
				954333191D566DEE00645902 /* Project15 */,
				954333181D566DEE00645902 /* Products */,
			);
			sourceTree = "<group>";
		};
		954333181D566DEE00645902 /* Products */ = {
			isa = PBXGroup;
			children = (
				954333171D566DEE00645902 /* Project15.app */,
			);
			name = Products;
			sourceTree = "<group>";
		};
		954333191D566DEE00645902 /* Project15 */ = {
			isa = PBXGroup;
			children = (
				9543331A1D566DEE00645902 /* AppDelegate.swift */,
				9543331C1D566DEE00645902 /* ViewController.swift */,
				9543331E1D566DEE00645902 /* Main.storyboard */,
				954333211D566DEE00645902 /* Assets.xcassets */,
				954333231D566DEE00645902 /* LaunchScreen.storyboard */,
				954333261D566DEE00645902 /* Info.plist */,
				9543332C1D566E2A00645902 /* Content */,
			);
			path = Project15;
			sourceTree = "<group>";
		};
		9543332C1D566E2A00645902 /* Content */ = {
			isa = PBXGroup;
			children = (
				9543332D1D566E2A00645902 /* penguin.png */,
				9543332E1D566E2A00645902 /* penguin@2x.png */,
			);
			path = Content;
			sourceTree = "<group>";
		};
/* End PBXGroup section */

/* Begin PBXNativeTarget section */
		954333161D566DEE00645902 /* Project15 */ = {
			isa = PBXNativeTarget;
			buildConfigurationList = 954333291D566DEE00645902 /* Build configuration list for PBXNativeTarget "Project15" */;
			buildPhases = (
				954333131D566DEE00645902 /* Sources */,
				954333141D566DEE00645902 /* Frameworks */,
				954333151D566DEE00645902 /* Resources */,
			);
			buildRules = (
			);
			dependencies = (
			);
			name = Project15;
			productName = Project15;
			productReference = 954333171D566DEE00645902 /* Project15.app */;
			productType = "com.apple.product-type.application";
		};
/* End PBXNativeTarget section */

/* Begin PBXProject section */
		9543330F1D566DEE00645902 /* Project object */ = {
			isa = PBXProject;
			attributes = {
				LastSwiftUpdateCheck = 0730;
				LastUpgradeCheck = 0730;
				ORGANIZATIONNAME = "Jeffrey Eng";
				TargetAttributes = {
					954333161D566DEE00645902 = {
						CreatedOnToolsVersion = 7.3.1;
					};
				};
			};
			buildConfigurationList = 954333121D566DEE00645902 /* Build configuration list for PBXProject "Project15" */;
			compatibilityVersion = "Xcode 3.2";
			developmentRegion = English;
			hasScannedForEncodings = 0;
			knownRegions = (
				en,
				Base,
			);
			mainGroup = 9543330E1D566DEE00645902;
			productRefGroup = 954333181D566DEE00645902 /* Products */;
			projectDirPath = "";
			projectRoot = "";
			targets = (
				954333161D566DEE00645902 /* Project15 */,
			);
		};
/* End PBXProject section */

/* Begin PBXResourcesBuildPhase section */
		954333151D566DEE00645902 /* Resources */ = {
			isa = PBXResourcesBuildPhase;
			buildActionMask = 2147483647;
			files = (
				9543332F1D566E2A00645902 /* penguin.png in Resources */,
				954333251D566DEE00645902 /* LaunchScreen.storyboard in Resources */,
				954333221D566DEE00645902 /* Assets.xcassets in Resources */,
				954333201D566DEE00645902 /* Main.storyboard in Resources */,
				954333301D566E2A00645902 /* penguin@2x.png in Resources */,
			);
			runOnlyForDeploymentPostprocessing = 0;
		};
/* End PBXResourcesBuildPhase section */

/* Begin PBXSourcesBuildPhase section */
		954333131D566DEE00645902 /* Sources */ = {
			isa = PBXSourcesBuildPhase;
			buildActionMask = 2147483647;
			files = (
				9543331D1D566DEE00645902 /* ViewController.swift in Sources */,
				9543331B1D566DEE00645902 /* AppDelegate.swift in Sources */,
			);
			runOnlyForDeploymentPostprocessing = 0;
		};
/* End PBXSourcesBuildPhase section */

/* Begin PBXVariantGroup section */
		9543331E1D566DEE00645902 /* Main.storyboard */ = {
			isa = PBXVariantGroup;
			children = (
				9543331F1D566DEE00645902 /* Base */,
			);
			name = Main.storyboard;
			sourceTree = "<group>";
		};
		954333231D566DEE00645902 /* LaunchScreen.storyboard */ = {
			isa = PBXVariantGroup;
			children = (
				954333241D566DEE00645902 /* Base */,
			);
			name = LaunchScreen.storyboard;
			sourceTree = "<group>";
		};
/* End PBXVariantGroup section */

/* Begin XCBuildConfiguration section */
		954333271D566DEE00645902 /* Debug */ = {
			isa = XCBuildConfiguration;
			buildSettings = {
				ALWAYS_SEARCH_USER_PATHS = NO;
				CLANG_ANALYZER_NONNULL = YES;
				CLANG_CXX_LANGUAGE_STANDARD = "gnu++0x";
				CLANG_CXX_LIBRARY = "libc++";
				CLANG_ENABLE_MODULES = YES;
				CLANG_ENABLE_OBJC_ARC = YES;
				CLANG_WARN_BOOL_CONVERSION = YES;
				CLANG_WARN_CONSTANT_CONVERSION = YES;
				CLANG_WARN_DIRECT_OBJC_ISA_USAGE = YES_ERROR;
				CLANG_WARN_EMPTY_BODY = YES;
				CLANG_WARN_ENUM_CONVERSION = YES;
				CLANG_WARN_INT_CONVERSION = YES;
				CLANG_WARN_OBJC_ROOT_CLASS = YES_ERROR;
				CLANG_WARN_UNREACHABLE_CODE = YES;
				CLANG_WARN__DUPLICATE_METHOD_MATCH = YES;
				"CODE_SIGN_IDENTITY[sdk=iphoneos*]" = "iPhone Developer";
				COPY_PHASE_STRIP = NO;
				DEBUG_INFORMATION_FORMAT = dwarf;
				ENABLE_STRICT_OBJC_MSGSEND = YES;
				ENABLE_TESTABILITY = YES;
				GCC_C_LANGUAGE_STANDARD = gnu99;
				GCC_DYNAMIC_NO_PIC = NO;
				GCC_NO_COMMON_BLOCKS = YES;
				GCC_OPTIMIZATION_LEVEL = 0;
				GCC_PREPROCESSOR_DEFINITIONS = (
					"DEBUG=1",
					"$(inherited)",
				);
				GCC_WARN_64_TO_32_BIT_CONVERSION = YES;
				GCC_WARN_ABOUT_RETURN_TYPE = YES_ERROR;
				GCC_WARN_UNDECLARED_SELECTOR = YES;
				GCC_WARN_UNINITIALIZED_AUTOS = YES_AGGRESSIVE;
				GCC_WARN_UNUSED_FUNCTION = YES;
				GCC_WARN_UNUSED_VARIABLE = YES;
				IPHONEOS_DEPLOYMENT_TARGET = 9.3;
				MTL_ENABLE_DEBUG_INFO = YES;
				ONLY_ACTIVE_ARCH = YES;
				SDKROOT = iphoneos;
				SWIFT_OPTIMIZATION_LEVEL = "-Onone";
				TARGETED_DEVICE_FAMILY = 2;
			};
			name = Debug;
		};
		954333281D566DEE00645902 /* Release */ = {
			isa = XCBuildConfiguration;
			buildSettings = {
				ALWAYS_SEARCH_USER_PATHS = NO;
				CLANG_ANALYZER_NONNULL = YES;
				CLANG_CXX_LANGUAGE_STANDARD = "gnu++0x";
				CLANG_CXX_LIBRARY = "libc++";
				CLANG_ENABLE_MODULES = YES;
				CLANG_ENABLE_OBJC_ARC = YES;
				CLANG_WARN_BOOL_CONVERSION = YES;
				CLANG_WARN_CONSTANT_CONVERSION = YES;
				CLANG_WARN_DIRECT_OBJC_ISA_USAGE = YES_ERROR;
				CLANG_WARN_EMPTY_BODY = YES;
				CLANG_WARN_ENUM_CONVERSION = YES;
				CLANG_WARN_INT_CONVERSION = YES;
				CLANG_WARN_OBJC_ROOT_CLASS = YES_ERROR;
				CLANG_WARN_UNREACHABLE_CODE = YES;
				CLANG_WARN__DUPLICATE_METHOD_MATCH = YES;
				"CODE_SIGN_IDENTITY[sdk=iphoneos*]" = "iPhone Developer";
				COPY_PHASE_STRIP = NO;
				DEBUG_INFORMATION_FORMAT = "dwarf-with-dsym";
				ENABLE_NS_ASSERTIONS = NO;
				ENABLE_STRICT_OBJC_MSGSEND = YES;
				GCC_C_LANGUAGE_STANDARD = gnu99;
				GCC_NO_COMMON_BLOCKS = YES;
				GCC_WARN_64_TO_32_BIT_CONVERSION = YES;
				GCC_WARN_ABOUT_RETURN_TYPE = YES_ERROR;
				GCC_WARN_UNDECLARED_SELECTOR = YES;
				GCC_WARN_UNINITIALIZED_AUTOS = YES_AGGRESSIVE;
				GCC_WARN_UNUSED_FUNCTION = YES;
				GCC_WARN_UNUSED_VARIABLE = YES;
				IPHONEOS_DEPLOYMENT_TARGET = 9.3;
				MTL_ENABLE_DEBUG_INFO = NO;
				SDKROOT = iphoneos;
				TARGETED_DEVICE_FAMILY = 2;
				VALIDATE_PRODUCT = YES;
			};
			name = Release;
		};
		9543332A1D566DEE00645902 /* Debug */ = {
			isa = XCBuildConfiguration;
			buildSettings = {
				ASSETCATALOG_COMPILER_APPICON_NAME = AppIcon;
				INFOPLIST_FILE = Project15/Info.plist;
				LD_RUNPATH_SEARCH_PATHS = "$(inherited) @executable_path/Frameworks";
				PRODUCT_BUNDLE_IDENTIFIER = com.jeffeng.Project15;
				PRODUCT_NAME = "$(TARGET_NAME)";
			};
			name = Debug;
		};
		9543332B1D566DEE00645902 /* Release */ = {
			isa = XCBuildConfiguration;
			buildSettings = {
				ASSETCATALOG_COMPILER_APPICON_NAME = AppIcon;
				INFOPLIST_FILE = Project15/Info.plist;
				LD_RUNPATH_SEARCH_PATHS = "$(inherited) @executable_path/Frameworks";
				PRODUCT_BUNDLE_IDENTIFIER = com.jeffeng.Project15;
				PRODUCT_NAME = "$(TARGET_NAME)";
			};
			name = Release;
		};
/* End XCBuildConfiguration section */

/* Begin XCConfigurationList section */
		954333121D566DEE00645902 /* Build configuration list for PBXProject "Project15" */ = {
			isa = XCConfigurationList;
			buildConfigurations = (
				954333271D566DEE00645902 /* Debug */,
				954333281D566DEE00645902 /* Release */,
			);
			defaultConfigurationIsVisible = 0;
			defaultConfigurationName = Release;
		};
		954333291D566DEE00645902 /* Build configuration list for PBXNativeTarget "Project15" */ = {
			isa = XCConfigurationList;
			buildConfigurations = (
				9543332A1D566DEE00645902 /* Debug */,
				9543332B1D566DEE00645902 /* Release */,
			);
			defaultConfigurationIsVisible = 0;
		};
/* End XCConfigurationList section */
	};
	rootObject = 9543330F1D566DEE00645902 /* Project object */;
}
